PODS:
  - Braintree/Apple-Pay (4.30.0):
    - Braintree/Core
  - Braintree/Card (4.30.0):
    - Braintree/Core
  - Braintree/Core (4.30.0)
  - Braintree/PaymentFlow (4.30.0):
    - Braintree/Card
    - Braintree/Core
    - Braintree/PayPalOneTouch
  - Braintree/PayPal (4.30.0):
    - Braintree/Core
    - Braintree/PayPalOneTouch
  - Braintree/PayPalDataCollector (4.30.0):
    - Braintree/Core
    - Braintree/PayPalUtils
  - Braintree/PayPalOneTouch (4.30.0):
    - Braintree/Core
    - Braintree/PayPalDataCollector
    - Braintree/PayPalUtils
  - Braintree/PayPalUtils (4.30.0)
  - Braintree/UnionPay (4.30.0):
    - Braintree/Card
    - Braintree/Core
  - BraintreeDropIn (7.4.0):
    - BraintreeDropIn/DropIn (= 7.4.0)
  - BraintreeDropIn/DropIn (7.4.0):
    - Braintree/Card (~> 4.27)
    - Braintree/Core (~> 4.27)
    - Braintree/PaymentFlow (~> 4.27)
    - Braintree/PayPal (~> 4.27)
    - Braintree/UnionPay (~> 4.27)
    - BraintreeDropIn/UIKit
  - BraintreeDropIn/UIKit (7.4.0)
  - Realm (3.19.0):
    - Realm/Headers (= 3.19.0)
  - Realm/Headers (3.19.0)
  - RealmSwift (3.19.0):
    - Realm (= 3.19.0)
  - SwiftyJSON (4.2.0)

DEPENDENCIES:
  - Braintree/Apple-Pay
  - Braintree/PayPal
  - BraintreeDropIn
  - RealmSwift (~> 3.2)
  - SwiftyJSON (~> 4.2.0)

SPEC REPOS:
  https://github.com/CocoaPods/Specs.git:
    - Braintree
    - BraintreeDropIn
    - Realm
    - RealmSwift
    - SwiftyJSON

SPEC CHECKSUMS:
  Braintree: 6c7b531ed255701cc69666a2f02d1324a2d95c41
  BraintreeDropIn: ee413ce4f94b86179e5ff3f98eb847219610bb96
  Realm: 995d585bcf699aaff226715886c849a29dd3d07f
  RealmSwift: 35f284a537989f2187b413e5917091948cb87a3f
  SwiftyJSON: c4bcba26dd9ec7a027fc8eade48e2c911f229e96

PODFILE CHECKSUM: 210cd8c65651aa0cc7e7370c799d9ab9fe4bb8d0

COCOAPODS: 1.8.3
